
Microsoft Visual Studio Solution File, Format Version 12.00
# Visual Studio Version 17
VisualStudioVersion = 17.9.34714.143
MinimumVisualStudioVersion = 10.0.40219.1
Project("{FAE04EC0-301F-11D3-BF4B-00C04F79EFBC}") = "DancingBar", "DancingBar\DancingBar.csproj", "{9ED81E9B-165A-4A04-963D-1A4464ED5340}"
EndProject
Global
	GlobalSection(SolutionConfigurationPlatforms) = preSolution
		Debug|Any CPU = Debug|Any CPU
		Release|Any CPU = Release|Any CPU
	EndGlobalSection
	GlobalSection(ProjectConfigurationPlatforms) = postSolution
		{9ED81E9B-165A-4A04-963D-1A4464ED5340}.Debug|Any CPU.ActiveCfg = Debug|Any CPU
		{9ED81E9B-165A-4A04-963D-1A4464ED5340}.Debug|Any CPU.Build.0 = Debug|Any CPU
		{9ED81E9B-165A-4A04-963D-1A4464ED5340}.Release|Any CPU.ActiveCfg = Release|Any CPU
		{9ED81E9B-165A-4A04-963D-1A4464ED5340}.Release|Any CPU.Build.0 = Release|Any CPU
	EndGlobalSection
	GlobalSection(SolutionProperties) = preSolution
		HideSolutionNode = FALSE
	EndGlobalSection
	GlobalSection(ExtensibilityGlobals) = postSolution
		SolutionGuid = {F73ADDC4-2BF6-4C7B-9822-B2D73DE47A88}
	EndGlobalSection
EndGlobal
